
Microsoft Visual Studio Solution File, Format Version 12.00
# Visual Studio 2013
VisualStudioVersion = 12.0.21005.1
MinimumVisualStudioVersion = 10.0.40219.1
Project("{FAE04EC0-301F-11D3-BF4B-00C04F79EFBC}") = "Prantor.MMS.Web", "Prantor.MMS.Web\Prantor.MMS.Web.csproj", "{213D73D5-66DD-4048-969F-6B0B35307EDA}"
EndProject
Project("{2150E333-8FDC-42A3-9474-1A3956D46DE8}") = "Data", "Data", "{293EF526-78E6-4A4B-B3A9-909F25AB1570}"
EndProject
Project("{2150E333-8FDC-42A3-9474-1A3956D46DE8}") = "Framework", "Framework", "{399668BD-2870-433B-92F5-5C0F953ACA12}"
EndProject
Project("{2150E333-8FDC-42A3-9474-1A3956D46DE8}") = "Web", "Web", "{C97015B7-64F8-43EA-B37B-72A16DBB6D8A}"
EndProject
Project("{2150E333-8FDC-42A3-9474-1A3956D46DE8}") = "Repo", "Repo", "{29E0918E-A5AD-430E-B8AC-4DAA6C8912EC}"
EndProject
Project("{FAE04EC0-301F-11D3-BF4B-00C04F79EFBC}") = "Prantor.MMS.Data", "Prantor.MMS.Data\Prantor.MMS.Data.csproj", "{EACDC1BF-2412-4025-BD60-4AF33F3F4FBD}"
EndProject
Project("{FAE04EC0-301F-11D3-BF4B-00C04F79EFBC}") = "Prantor.MMS.Entities", "Prantor.MMS.Entities\Prantor.MMS.Entities.csproj", "{ECACCEA6-B173-49E1-AF93-0A3BE03115DD}"
EndProject
Project("{FAE04EC0-301F-11D3-BF4B-00C04F79EFBC}") = "Prantor.MMS.Model", "Prantor.MMS.Model\Prantor.MMS.Model.csproj", "{489A4B17-F7A1-45C5-894B-55E3FB177455}"
EndProject
Project("{FAE04EC0-301F-11D3-BF4B-00C04F79EFBC}") = "Prantor.MMS.Framework", "Prantor.MMS.Framework\Prantor.MMS.Framework.csproj", "{C90C2586-F9CA-4C28-855E-CEA22C6F138B}"
EndProject
Project("{FAE04EC0-301F-11D3-BF4B-00C04F79EFBC}") = "Prantor.MMS.Web.Framework", "Prantor.MMS.Web.Framework\Prantor.MMS.Web.Framework.csproj", "{F5A477B3-C8A7-4D3E-938E-D74F65956999}"
EndProject
Project("{FAE04EC0-301F-11D3-BF4B-00C04F79EFBC}") = "Prantor.MMS.BL", "Prantor.MMS.BL\Prantor.MMS.BL.csproj", "{D340D550-E865-43CB-AD01-CF273995B4DF}"
EndProject
Global
	GlobalSection(SolutionConfigurationPlatforms) = preSolution
		Debug|Any CPU = Debug|Any CPU
		Release|Any CPU = Release|Any CPU
	EndGlobalSection
	GlobalSection(ProjectConfigurationPlatforms) = postSolution
		{213D73D5-66DD-4048-969F-6B0B35307EDA}.Debug|Any CPU.ActiveCfg = Debug|Any CPU
		{213D73D5-66DD-4048-969F-6B0B35307EDA}.Debug|Any CPU.Build.0 = Debug|Any CPU
		{213D73D5-66DD-4048-969F-6B0B35307EDA}.Release|Any CPU.ActiveCfg = Release|Any CPU
		{213D73D5-66DD-4048-969F-6B0B35307EDA}.Release|Any CPU.Build.0 = Release|Any CPU
		{EACDC1BF-2412-4025-BD60-4AF33F3F4FBD}.Debug|Any CPU.ActiveCfg = Debug|Any CPU
		{EACDC1BF-2412-4025-BD60-4AF33F3F4FBD}.Debug|Any CPU.Build.0 = Debug|Any CPU
		{EACDC1BF-2412-4025-BD60-4AF33F3F4FBD}.Release|Any CPU.ActiveCfg = Release|Any CPU
		{EACDC1BF-2412-4025-BD60-4AF33F3F4FBD}.Release|Any CPU.Build.0 = Release|Any CPU
		{ECACCEA6-B173-49E1-AF93-0A3BE03115DD}.Debug|Any CPU.ActiveCfg = Debug|Any CPU
		{ECACCEA6-B173-49E1-AF93-0A3BE03115DD}.Debug|Any CPU.Build.0 = Debug|Any CPU
		{ECACCEA6-B173-49E1-AF93-0A3BE03115DD}.Release|Any CPU.ActiveCfg = Release|Any CPU
		{ECACCEA6-B173-49E1-AF93-0A3BE03115DD}.Release|Any CPU.Build.0 = Release|Any CPU
		{489A4B17-F7A1-45C5-894B-55E3FB177455}.Debug|Any CPU.ActiveCfg = Debug|Any CPU
		{489A4B17-F7A1-45C5-894B-55E3FB177455}.Debug|Any CPU.Build.0 = Debug|Any CPU
		{489A4B17-F7A1-45C5-894B-55E3FB177455}.Release|Any CPU.ActiveCfg = Release|Any CPU
		{489A4B17-F7A1-45C5-894B-55E3FB177455}.Release|Any CPU.Build.0 = Release|Any CPU
		{C90C2586-F9CA-4C28-855E-CEA22C6F138B}.Debug|Any CPU.ActiveCfg = Debug|Any CPU
		{C90C2586-F9CA-4C28-855E-CEA22C6F138B}.Debug|Any CPU.Build.0 = Debug|Any CPU
		{C90C2586-F9CA-4C28-855E-CEA22C6F138B}.Release|Any CPU.ActiveCfg = Release|Any CPU
		{C90C2586-F9CA-4C28-855E-CEA22C6F138B}.Release|Any CPU.Build.0 = Release|Any CPU
		{F5A477B3-C8A7-4D3E-938E-D74F65956999}.Debug|Any CPU.ActiveCfg = Debug|Any CPU
		{F5A477B3-C8A7-4D3E-938E-D74F65956999}.Debug|Any CPU.Build.0 = Debug|Any CPU
		{F5A477B3-C8A7-4D3E-938E-D74F65956999}.Release|Any CPU.ActiveCfg = Release|Any CPU
		{F5A477B3-C8A7-4D3E-938E-D74F65956999}.Release|Any CPU.Build.0 = Release|Any CPU
		{D340D550-E865-43CB-AD01-CF273995B4DF}.Debug|Any CPU.ActiveCfg = Debug|Any CPU
		{D340D550-E865-43CB-AD01-CF273995B4DF}.Debug|Any CPU.Build.0 = Debug|Any CPU
		{D340D550-E865-43CB-AD01-CF273995B4DF}.Release|Any CPU.ActiveCfg = Release|Any CPU
		{D340D550-E865-43CB-AD01-CF273995B4DF}.Release|Any CPU.Build.0 = Release|Any CPU
	EndGlobalSection
	GlobalSection(SolutionProperties) = preSolution
		HideSolutionNode = FALSE
	EndGlobalSection
	GlobalSection(NestedProjects) = preSolution
		{213D73D5-66DD-4048-969F-6B0B35307EDA} = {C97015B7-64F8-43EA-B37B-72A16DBB6D8A}
		{F5A477B3-C8A7-4D3E-938E-D74F65956999} = {C97015B7-64F8-43EA-B37B-72A16DBB6D8A}
		{EACDC1BF-2412-4025-BD60-4AF33F3F4FBD} = {293EF526-78E6-4A4B-B3A9-909F25AB1570}
		{ECACCEA6-B173-49E1-AF93-0A3BE03115DD} = {293EF526-78E6-4A4B-B3A9-909F25AB1570}
		{489A4B17-F7A1-45C5-894B-55E3FB177455} = {399668BD-2870-433B-92F5-5C0F953ACA12}
		{C90C2586-F9CA-4C28-855E-CEA22C6F138B} = {399668BD-2870-433B-92F5-5C0F953ACA12}
		{D340D550-E865-43CB-AD01-CF273995B4DF} = {29E0918E-A5AD-430E-B8AC-4DAA6C8912EC}
	EndGlobalSection
EndGlobal
